
Microsoft Visual Studio Solution File, Format Version 12.00
# Visual Studio Version 17
VisualStudioVersion = 17.14.36301.6 d17.14
MinimumVisualStudioVersion = 10.0.40219.1
Project("{FAE04EC0-301F-11D3-BF4B-00C04F79EFBC}") = "HrmApp.Api", "HrmApp.Api\HrmApp.Api.csproj", "{5737A284-73B3-49C6-9416-1A4B8FF2DDA6}"
EndProject
Global
	GlobalSection(SolutionConfigurationPlatforms) = preSolution
		Debug|Any CPU = Debug|Any CPU
		Release|Any CPU = Release|Any CPU
	EndGlobalSection
	GlobalSection(ProjectConfigurationPlatforms) = postSolution
		{5737A284-73B3-49C6-9416-1A4B8FF2DDA6}.Debug|Any CPU.ActiveCfg = Debug|Any CPU
		{5737A284-73B3-49C6-9416-1A4B8FF2DDA6}.Debug|Any CPU.Build.0 = Debug|Any CPU
		{5737A284-73B3-49C6-9416-1A4B8FF2DDA6}.Release|Any CPU.ActiveCfg = Release|Any CPU
		{5737A284-73B3-49C6-9416-1A4B8FF2DDA6}.Release|Any CPU.Build.0 = Release|Any CPU
	EndGlobalSection
	GlobalSection(SolutionProperties) = preSolution
		HideSolutionNode = FALSE
	EndGlobalSection
	GlobalSection(ExtensibilityGlobals) = postSolution
		SolutionGuid = {8386D0BB-5A50-4D00-BC76-FA9571A65515}
	EndGlobalSection
EndGlobal
